
Microsoft Visual Studio Solution File, Format Version 12.00
# Visual Studio Version 17
VisualStudioVersion = 17.9.34728.123
MinimumVisualStudioVersion = 10.0.40219.1
Project("{FAE04EC0-301F-11D3-BF4B-00C04F79EFBC}") = "problema-crescente", "problema-crescente\problema-crescente.csproj", "{158047B4-ED6F-4576-A22F-7984917F73A1}"
EndProject
Global
	GlobalSection(SolutionConfigurationPlatforms) = preSolution
		Debug|Any CPU = Debug|Any CPU
		Release|Any CPU = Release|Any CPU
	EndGlobalSection
	GlobalSection(ProjectConfigurationPlatforms) = postSolution
		{158047B4-ED6F-4576-A22F-7984917F73A1}.Debug|Any CPU.ActiveCfg = Debug|Any CPU
		{158047B4-ED6F-4576-A22F-7984917F73A1}.Debug|Any CPU.Build.0 = Debug|Any CPU
		{158047B4-ED6F-4576-A22F-7984917F73A1}.Release|Any CPU.ActiveCfg = Release|Any CPU
		{158047B4-ED6F-4576-A22F-7984917F73A1}.Release|Any CPU.Build.0 = Release|Any CPU
	EndGlobalSection
	GlobalSection(SolutionProperties) = preSolution
		HideSolutionNode = FALSE
	EndGlobalSection
	GlobalSection(ExtensibilityGlobals) = postSolution
		SolutionGuid = {F41307DD-C2BC-4F0B-ADFF-1FAC10FB00E3}
	EndGlobalSection
EndGlobal
